// !$*UTF8*$!
{
	archiveVersion = 1;
	classes = {
	};
	objectVersion = 46;
	objects = {

/* Begin PBXBuildFile section */
		38DE34681E95399D007822FC /* main.cpp in Sources */ = {isa = PBXBuildFile; fileRef = 38DE34671E95399D007822FC /* main.cpp */; };
/* End PBXBuildFile section */

/* Begin PBXCopyFilesBuildPhase section */
		38DE34621E95399D007822FC /* CopyFiles */ = {
			isa = PBXCopyFilesBuildPhase;
			buildActionMask = 2147483647;
			dstPath = /usr/share/man/man1/;
			dstSubfolderSpec = 0;
			files = (
			);
			runOnlyForDeploymentPostprocessing = 1;
		};
/* End PBXCopyFilesBuildPhase section */

/* Begin PBXFileReference section */
		383D6D7B1E97F66A00020B43 /* VecteurImpl.h */ = {isa = PBXFileReference; lastKnownFileType = sourcecode.c.h; path = VecteurImpl.h; sourceTree = "<group>"; };
		383D6D7C1E97F6B700020B43 /* MatriceImpl.h */ = {isa = PBXFileReference; lastKnownFileType = sourcecode.c.h; path = MatriceImpl.h; sourceTree = "<group>"; };
		38DE34641E95399D007822FC /* inf2-labo5 */ = {isa = PBXFileReference; explicitFileType = "compiled.mach-o.executable"; includeInIndex = 0; path = "inf2-labo5"; sourceTree = BUILT_PRODUCTS_DIR; };
		38DE34671E95399D007822FC /* main.cpp */ = {isa = PBXFileReference; lastKnownFileType = sourcecode.cpp.cpp; path = main.cpp; sourceTree = "<group>"; };
		38DE346F1E953A5A007822FC /* Vecteur.hpp */ = {isa = PBXFileReference; fileEncoding = 4; lastKnownFileType = sourcecode.cpp.h; path = Vecteur.hpp; sourceTree = "<group>"; };
		38DE34721E953A64007822FC /* Matrice.hpp */ = {isa = PBXFileReference; fileEncoding = 4; lastKnownFileType = sourcecode.cpp.h; path = Matrice.hpp; sourceTree = "<group>"; };
/* End PBXFileReference section */

/* Begin PBXFrameworksBuildPhase section */
		38DE34611E95399D007822FC /* Frameworks */ = {
			isa = PBXFrameworksBuildPhase;
			buildActionMask = 2147483647;
			files = (
			);
			runOnlyForDeploymentPostprocessing = 0;
		};
/* End PBXFrameworksBuildPhase section */

/* Begin PBXGroup section */
		38DE345B1E95399C007822FC = {
			isa = PBXGroup;
			children = (
				38DE34661E95399D007822FC /* inf2-labo5 */,
				38DE34651E95399D007822FC /* Products */,
			);
			sourceTree = "<group>";
		};
		38DE34651E95399D007822FC /* Products */ = {
			isa = PBXGroup;
			children = (
				38DE34641E95399D007822FC /* inf2-labo5 */,
			);
			name = Products;
			sourceTree = "<group>";
		};
		38DE34661E95399D007822FC /* inf2-labo5 */ = {
			isa = PBXGroup;
			children = (
				38DE34671E95399D007822FC /* main.cpp */,
				38DE346F1E953A5A007822FC /* Vecteur.hpp */,
				383D6D7B1E97F66A00020B43 /* VecteurImpl.h */,
				38DE34721E953A64007822FC /* Matrice.hpp */,
				383D6D7C1E97F6B700020B43 /* MatriceImpl.h */,
			);
			path = "inf2-labo5";
			sourceTree = "<group>";
		};
/* End PBXGroup section */

/* Begin PBXNativeTarget section */
		38DE34631E95399D007822FC /* inf2-labo5 */ = {
			isa = PBXNativeTarget;
			buildConfigurationList = 38DE346B1E95399D007822FC /* Build configuration list for PBXNativeTarget "inf2-labo5" */;
			buildPhases = (
				38DE34601E95399D007822FC /* Sources */,
				38DE34611E95399D007822FC /* Frameworks */,
				38DE34621E95399D007822FC /* CopyFiles */,
			);
			buildRules = (
			);
			dependencies = (
			);
			name = "inf2-labo5";
			productName = "inf2-labo5";
			productReference = 38DE34641E95399D007822FC /* inf2-labo5 */;
			productType = "com.apple.product-type.tool";
		};
/* End PBXNativeTarget section */

/* Begin PBXProject section */
		38DE345C1E95399D007822FC /* Project object */ = {
			isa = PBXProject;
			attributes = {
				LastUpgradeCheck = 0820;
				ORGANIZATIONNAME = Walid;
				TargetAttributes = {
					38DE34631E95399D007822FC = {
						CreatedOnToolsVersion = 8.2.1;
						ProvisioningStyle = Automatic;
					};
				};
			};
			buildConfigurationList = 38DE345F1E95399D007822FC /* Build configuration list for PBXProject "inf2-labo5" */;
			compatibilityVersion = "Xcode 3.2";
			developmentRegion = English;
			hasScannedForEncodings = 0;
			knownRegions = (
				en,
			);
			mainGroup = 38DE345B1E95399C007822FC;
			productRefGroup = 38DE34651E95399D007822FC /* Products */;
			projectDirPath = "";
			projectRoot = "";
			targets = (
				38DE34631E95399D007822FC /* inf2-labo5 */,
			);
		};
/* End PBXProject section */

/* Begin PBXSourcesBuildPhase section */
		38DE34601E95399D007822FC /* Sources */ = {
			isa = PBXSourcesBuildPhase;
			buildActionMask = 2147483647;
			files = (
				38DE34681E95399D007822FC /* main.cpp in Sources */,
			);
			runOnlyForDeploymentPostprocessing = 0;
		};
/* End PBXSourcesBuildPhase section */

/* Begin XCBuildConfiguration section */
		38DE34691E95399D007822FC /* Debug */ = {
			isa = XCBuildConfiguration;
			buildSettings = {
				ALWAYS_SEARCH_USER_PATHS = NO;
				CLANG_ANALYZER_NONNULL = YES;
				CLANG_CXX_LANGUAGE_STANDARD = "gnu++0x";
				CLANG_CXX_LIBRARY = "libc++";
				CLANG_ENABLE_MODULES = YES;
				CLANG_ENABLE_OBJC_ARC = YES;
				CLANG_WARN_BOOL_CONVERSION = YES;
				CLANG_WARN_CONSTANT_CONVERSION = YES;
				CLANG_WARN_DIRECT_OBJC_ISA_USAGE = YES_ERROR;
				CLANG_WARN_DOCUMENTATION_COMMENTS = YES;
				CLANG_WARN_EMPTY_BODY = YES;
				CLANG_WARN_ENUM_CONVERSION = YES;
				CLANG_WARN_INFINITE_RECURSION = YES;
				CLANG_WARN_INT_CONVERSION = YES;
				CLANG_WARN_OBJC_ROOT_CLASS = YES_ERROR;
				CLANG_WARN_SUSPICIOUS_MOVE = YES;
				CLANG_WARN_UNREACHABLE_CODE = YES;
				CLANG_WARN__DUPLICATE_METHOD_MATCH = YES;
				CODE_SIGN_IDENTITY = "-";
				COPY_PHASE_STRIP = NO;
				DEBUG_INFORMATION_FORMAT = dwarf;
				ENABLE_STRICT_OBJC_MSGSEND = YES;
				ENABLE_TESTABILITY = YES;
				GCC_C_LANGUAGE_STANDARD = gnu99;
				GCC_DYNAMIC_NO_PIC = NO;
				GCC_NO_COMMON_BLOCKS = YES;
				GCC_OPTIMIZATION_LEVEL = 0;
				GCC_PREPROCESSOR_DEFINITIONS = (
					"DEBUG=1",
					"$(inherited)",
				);
				GCC_WARN_64_TO_32_BIT_CONVERSION = YES;
				GCC_WARN_ABOUT_RETURN_TYPE = YES_ERROR;
				GCC_WARN_UNDECLARED_SELECTOR = YES;
				GCC_WARN_UNINITIALIZED_AUTOS = YES_AGGRESSIVE;
				GCC_WARN_UNUSED_FUNCTION = YES;
				GCC_WARN_UNUSED_VARIABLE = YES;
				MACOSX_DEPLOYMENT_TARGET = 10.12;
				MTL_ENABLE_DEBUG_INFO = YES;
				ONLY_ACTIVE_ARCH = YES;
				SDKROOT = macosx;
			};
			name = Debug;
		};
		38DE346A1E95399D007822FC /* Release */ = {
			isa = XCBuildConfiguration;
			buildSettings = {
				ALWAYS_SEARCH_USER_PATHS = NO;
				CLANG_ANALYZER_NONNULL = YES;
				CLANG_CXX_LANGUAGE_STANDARD = "gnu++0x";
				CLANG_CXX_LIBRARY = "libc++";
				CLANG_ENABLE_MODULES = YES;
				CLANG_ENABLE_OBJC_ARC = YES;
				CLANG_WARN_BOOL_CONVERSION = YES;
				CLANG_WARN_CONSTANT_CONVERSION = YES;
				CLANG_WARN_DIRECT_OBJC_ISA_USAGE = YES_ERROR;
				CLANG_WARN_DOCUMENTATION_COMMENTS = YES;
				CLANG_WARN_EMPTY_BODY = YES;
				CLANG_WARN_ENUM_CONVERSION = YES;
				CLANG_WARN_INFINITE_RECURSION = YES;
				CLANG_WARN_INT_CONVERSION = YES;
				CLANG_WARN_OBJC_ROOT_CLASS = YES_ERROR;
				CLANG_WARN_SUSPICIOUS_MOVE = YES;
				CLANG_WARN_UNREACHABLE_CODE = YES;
				CLANG_WARN__DUPLICATE_METHOD_MATCH = YES;
				CODE_SIGN_IDENTITY = "-";
				COPY_PHASE_STRIP = NO;
				DEBUG_INFORMATION_FORMAT = "dwarf-with-dsym";
				ENABLE_NS_ASSERTIONS = NO;
				ENABLE_STRICT_OBJC_MSGSEND = YES;
				GCC_C_LANGUAGE_STANDARD = gnu99;
				GCC_NO_COMMON_BLOCKS = YES;
				GCC_WARN_64_TO_32_BIT_CONVERSION = YES;
				GCC_WARN_ABOUT_RETURN_TYPE = YES_ERROR;
				GCC_WARN_UNDECLARED_SELECTOR = YES;
				GCC_WARN_UNINITIALIZED_AUTOS = YES_AGGRESSIVE;
				GCC_WARN_UNUSED_FUNCTION = YES;
				GCC_WARN_UNUSED_VARIABLE = YES;
				MACOSX_DEPLOYMENT_TARGET = 10.12;
				MTL_ENABLE_DEBUG_INFO = NO;
				SDKROOT = macosx;
			};
			name = Release;
		};
		38DE346C1E95399D007822FC /* Debug */ = {
			isa = XCBuildConfiguration;
			buildSettings = {
				PRODUCT_NAME = "$(TARGET_NAME)";
			};
			name = Debug;
		};
		38DE346D1E95399D007822FC /* Release */ = {
			isa = XCBuildConfiguration;
			buildSettings = {
				PRODUCT_NAME = "$(TARGET_NAME)";
			};
			name = Release;
		};
/* End XCBuildConfiguration section */

/* Begin XCConfigurationList section */
		38DE345F1E95399D007822FC /* Build configuration list for PBXProject "inf2-labo5" */ = {
			isa = XCConfigurationList;
			buildConfigurations = (
				38DE34691E95399D007822FC /* Debug */,
				38DE346A1E95399D007822FC /* Release */,
			);
			defaultConfigurationIsVisible = 0;
			defaultConfigurationName = Release;
		};
		38DE346B1E95399D007822FC /* Build configuration list for PBXNativeTarget "inf2-labo5" */ = {
			isa = XCConfigurationList;
			buildConfigurations = (
				38DE346C1E95399D007822FC /* Debug */,
				38DE346D1E95399D007822FC /* Release */,
			);
			defaultConfigurationIsVisible = 0;
			defaultConfigurationName = Release;
		};
/* End XCConfigurationList section */
	};
	rootObject = 38DE345C1E95399D007822FC /* Project object */;
}
